
Microsoft Visual Studio Solution File, Format Version 12.00
# Visual Studio Version 17
VisualStudioVersion = 17.9.34616.47
MinimumVisualStudioVersion = 10.0.40219.1
Project("{0BA9F023-C5ED-4A89-B443-E47A7B31C812}") = "Hwid Spoofer", "Simple Hwid Spoofer\Hwid Spoofer.csproj", "{B2D0D09E-56A7-47BD-A8A3-6C70B55AF01F}"
EndProject
Global
	GlobalSection(SolutionConfigurationPlatforms) = preSolution
		Debug|Any CPU = Debug|Any CPU
		Release|Any CPU = Release|Any CPU
	EndGlobalSection
	GlobalSection(ProjectConfigurationPlatforms) = postSolution
		{B2D0D09E-56A7-47BD-A8A3-6C70B55AF01F}.Debug|Any CPU.ActiveCfg = Debug|Any CPU
		{B2D0D09E-56A7-47BD-A8A3-6C70B55AF01F}.Debug|Any CPU.Build.0 = Debug|Any CPU
		{B2D0D09E-56A7-47BD-A8A3-6C70B55AF01F}.Release|Any CPU.ActiveCfg = Release|Any CPU
		{B2D0D09E-56A7-47BD-A8A3-6C70B55AF01F}.Release|Any CPU.Build.0 = Release|Any CPU
	EndGlobalSection
	GlobalSection(SolutionProperties) = preSolution
		HideSolutionNode = FALSE
	EndGlobalSection
	GlobalSection(ExtensibilityGlobals) = postSolution
		SolutionGuid = {4D2AC109-9C3C-4455-85EB-C5DBAE2510D2}
	EndGlobalSection
EndGlobal
